
Microsoft Visual Studio Solution File, Format Version 12.00
# Visual Studio Version 18
VisualStudioVersion = 18.3.11505.172
MinimumVisualStudioVersion = 10.0.40219.1
Project("{9A19103F-16F7-4668-BE54-9A1E7A4F7556}") = "GenesysCloudOAuthWebView.Core", "src\GenesysCloudOAuthWebView.Core\GenesysCloudOAuthWebView.Core.csproj", "{3278BB2B-B155-4FFE-8220-1ED2AC1546A6}"
EndProject
Project("{9A19103F-16F7-4668-BE54-9A1E7A4F7556}") = "GenesysCloudOAuthWebView.Wpf", "src\GenesysCloudOAuthWebView.Wpf\GenesysCloudOAuthWebView.Wpf.csproj", "{19725D5C-B930-4A02-A8D6-14204DCBA0DC}"
EndProject
Project("{9A19103F-16F7-4668-BE54-9A1E7A4F7556}") = "GenesysCloudOAuthWebView.WinForms", "src\GenesysCloudOAuthWebView.WinForms\GenesysCloudOAuthWebView.WinForms.csproj", "{9F277B20-DC49-4733-A9C8-52736807F048}"
EndProject
Project("{9A19103F-16F7-4668-BE54-9A1E7A4F7556}") = "GenesysCloudOAuthWebView", "src\GenesysCloudOAuthWebView\GenesysCloudOAuthWebView.csproj", "{CB9A7D62-272F-497F-8D0F-B33F1EF64707}"
EndProject
Project("{9A19103F-16F7-4668-BE54-9A1E7A4F7556}") = "GenesysCloudOAuthWebView.Tests", "src\GenesysCloudOAuthWebView.Tests\GenesysCloudOAuthWebView.Tests.csproj", "{260EC117-DDF4-4637-AE05-0C7EA71D23AF}"
EndProject
Project("{2150E333-8FDC-42A3-9474-1A3956D46DE8}") = "src", "src", "{EBD8C067-30D2-42D5-B880-8340948D75AE}"
EndProject
Project("{2150E333-8FDC-42A3-9474-1A3956D46DE8}") = "examples", "examples", "{4352E755-CC47-41A5-B540-8A675191C1D2}"
EndProject
Project("{2150E333-8FDC-42A3-9474-1A3956D46DE8}") = "v1-net31", "v1-net31", "{3613EAC3-842D-4326-8536-1339C24E88B5}"
EndProject
Project("{2150E333-8FDC-42A3-9474-1A3956D46DE8}") = "v2-net472", "v2-net472", "{49B71728-C618-45AB-B81C-F224B32601C9}"
EndProject
Project("{2150E333-8FDC-42A3-9474-1A3956D46DE8}") = "v2-net8", "v2-net8", "{B6A2C66E-FEA5-42F1-8490-62D5BD366C74}"
EndProject
Project("{FAE04EC0-301F-11D3-BF4B-00C04F79EFBC}") = "V1 Standalone Form Example", "examples\v1-net31\Standalone Form Example\V1 Standalone Form Example.csproj", "{1343C7CE-B9A6-4505-B30B-52845DB42CAA}"
EndProject
Project("{FAE04EC0-301F-11D3-BF4B-00C04F79EFBC}") = "V1 WinForms Example", "examples\v1-net31\WinForms Example\V1 WinForms Example.csproj", "{2D2C2B30-BB12-3125-9818-098405846833}"
EndProject
Project("{FAE04EC0-301F-11D3-BF4B-00C04F79EFBC}") = "V1 WPF Example", "examples\v1-net31\WPF Example\V1 WPF Example.csproj", "{8E620B5E-05F1-2691-2E1E-A4EE47E018C5}"
EndProject
Project("{FAE04EC0-301F-11D3-BF4B-00C04F79EFBC}") = "V2 Net472 Standalone Form Example", "examples\v2-net472\Standalone Form Example\V2 Net472 Standalone Form Example.csproj", "{57623602-458D-4F6A-82CA-0B92868A8555}"
EndProject
Project("{FAE04EC0-301F-11D3-BF4B-00C04F79EFBC}") = "V2 Net472 WinForms Example", "examples\v2-net472\WinForms Example\V2 Net472 WinForms Example.csproj", "{A7D4DE09-53DA-11A0-FD77-76CA68C5D61F}"
EndProject
Project("{FAE04EC0-301F-11D3-BF4B-00C04F79EFBC}") = "V2 Net472 WPF Example", "examples\v2-net472\WPF Example\V2 Net472 WPF Example.csproj", "{0913BB8D-25C1-9FAB-9B07-43F1C6682B8F}"
EndProject
Project("{FAE04EC0-301F-11D3-BF4B-00C04F79EFBC}") = "V2 Net8.0 Standalone Form Example", "examples\v2-net8\Standalone Form Example\V2 Net8.0 Standalone Form Example.csproj", "{2CBFE11A-6301-FE0B-1B75-0B9979589EA8}"
EndProject
Project("{FAE04EC0-301F-11D3-BF4B-00C04F79EFBC}") = "V2 Net8.0 WinForms Example", "examples\v2-net8\WinForms Example\V2 Net8.0 WinForms Example.csproj", "{C818E2CD-FAEE-0D3B-B09D-285E9FF5AE03}"
EndProject
Project("{FAE04EC0-301F-11D3-BF4B-00C04F79EFBC}") = "V2 Net8.0 WPF Example", "examples\v2-net8\WPF Example\V2 Net8.0 WPF Example.csproj", "{165DD328-982B-7A0F-22A8-B71E7FF9E86A}"
EndProject
Global
	GlobalSection(SolutionConfigurationPlatforms) = preSolution
		Debug|Any CPU = Debug|Any CPU
		Release|Any CPU = Release|Any CPU
	EndGlobalSection
	GlobalSection(ProjectConfigurationPlatforms) = postSolution
		{3278BB2B-B155-4FFE-8220-1ED2AC1546A6}.Debug|Any CPU.ActiveCfg = Debug|Any CPU
		{3278BB2B-B155-4FFE-8220-1ED2AC1546A6}.Debug|Any CPU.Build.0 = Debug|Any CPU
		{3278BB2B-B155-4FFE-8220-1ED2AC1546A6}.Release|Any CPU.ActiveCfg = Release|Any CPU
		{3278BB2B-B155-4FFE-8220-1ED2AC1546A6}.Release|Any CPU.Build.0 = Release|Any CPU
		{19725D5C-B930-4A02-A8D6-14204DCBA0DC}.Debug|Any CPU.ActiveCfg = Debug|Any CPU
		{19725D5C-B930-4A02-A8D6-14204DCBA0DC}.Debug|Any CPU.Build.0 = Debug|Any CPU
		{19725D5C-B930-4A02-A8D6-14204DCBA0DC}.Release|Any CPU.ActiveCfg = Release|Any CPU
		{19725D5C-B930-4A02-A8D6-14204DCBA0DC}.Release|Any CPU.Build.0 = Release|Any CPU
		{9F277B20-DC49-4733-A9C8-52736807F048}.Debug|Any CPU.ActiveCfg = Debug|Any CPU
		{9F277B20-DC49-4733-A9C8-52736807F048}.Debug|Any CPU.Build.0 = Debug|Any CPU
		{9F277B20-DC49-4733-A9C8-52736807F048}.Release|Any CPU.ActiveCfg = Release|Any CPU
		{9F277B20-DC49-4733-A9C8-52736807F048}.Release|Any CPU.Build.0 = Release|Any CPU
		{CB9A7D62-272F-497F-8D0F-B33F1EF64707}.Debug|Any CPU.ActiveCfg = Debug|Any CPU
		{CB9A7D62-272F-497F-8D0F-B33F1EF64707}.Debug|Any CPU.Build.0 = Debug|Any CPU
		{CB9A7D62-272F-497F-8D0F-B33F1EF64707}.Release|Any CPU.ActiveCfg = Release|Any CPU
		{CB9A7D62-272F-497F-8D0F-B33F1EF64707}.Release|Any CPU.Build.0 = Release|Any CPU
		{260EC117-DDF4-4637-AE05-0C7EA71D23AF}.Debug|Any CPU.ActiveCfg = Debug|Any CPU
		{260EC117-DDF4-4637-AE05-0C7EA71D23AF}.Debug|Any CPU.Build.0 = Debug|Any CPU
		{260EC117-DDF4-4637-AE05-0C7EA71D23AF}.Release|Any CPU.ActiveCfg = Release|Any CPU
		{260EC117-DDF4-4637-AE05-0C7EA71D23AF}.Release|Any CPU.Build.0 = Release|Any CPU
		{1343C7CE-B9A6-4505-B30B-52845DB42CAA}.Debug|Any CPU.ActiveCfg = Debug|Any CPU
		{1343C7CE-B9A6-4505-B30B-52845DB42CAA}.Debug|Any CPU.Build.0 = Debug|Any CPU
		{1343C7CE-B9A6-4505-B30B-52845DB42CAA}.Release|Any CPU.ActiveCfg = Release|Any CPU
		{1343C7CE-B9A6-4505-B30B-52845DB42CAA}.Release|Any CPU.Build.0 = Release|Any CPU
		{2D2C2B30-BB12-3125-9818-098405846833}.Debug|Any CPU.ActiveCfg = Debug|Any CPU
		{2D2C2B30-BB12-3125-9818-098405846833}.Debug|Any CPU.Build.0 = Debug|Any CPU
		{2D2C2B30-BB12-3125-9818-098405846833}.Release|Any CPU.ActiveCfg = Release|Any CPU
		{2D2C2B30-BB12-3125-9818-098405846833}.Release|Any CPU.Build.0 = Release|Any CPU
		{8E620B5E-05F1-2691-2E1E-A4EE47E018C5}.Debug|Any CPU.ActiveCfg = Debug|Any CPU
		{8E620B5E-05F1-2691-2E1E-A4EE47E018C5}.Debug|Any CPU.Build.0 = Debug|Any CPU
		{8E620B5E-05F1-2691-2E1E-A4EE47E018C5}.Release|Any CPU.ActiveCfg = Release|Any CPU
		{8E620B5E-05F1-2691-2E1E-A4EE47E018C5}.Release|Any CPU.Build.0 = Release|Any CPU
		{57623602-458D-4F6A-82CA-0B92868A8555}.Debug|Any CPU.ActiveCfg = Debug|Any CPU
		{57623602-458D-4F6A-82CA-0B92868A8555}.Debug|Any CPU.Build.0 = Debug|Any CPU
		{57623602-458D-4F6A-82CA-0B92868A8555}.Release|Any CPU.ActiveCfg = Release|Any CPU
		{57623602-458D-4F6A-82CA-0B92868A8555}.Release|Any CPU.Build.0 = Release|Any CPU
		{A7D4DE09-53DA-11A0-FD77-76CA68C5D61F}.Debug|Any CPU.ActiveCfg = Debug|Any CPU
		{A7D4DE09-53DA-11A0-FD77-76CA68C5D61F}.Debug|Any CPU.Build.0 = Debug|Any CPU
		{A7D4DE09-53DA-11A0-FD77-76CA68C5D61F}.Release|Any CPU.ActiveCfg = Release|Any CPU
		{A7D4DE09-53DA-11A0-FD77-76CA68C5D61F}.Release|Any CPU.Build.0 = Release|Any CPU
		{0913BB8D-25C1-9FAB-9B07-43F1C6682B8F}.Debug|Any CPU.ActiveCfg = Debug|Any CPU
		{0913BB8D-25C1-9FAB-9B07-43F1C6682B8F}.Debug|Any CPU.Build.0 = Debug|Any CPU
		{0913BB8D-25C1-9FAB-9B07-43F1C6682B8F}.Release|Any CPU.ActiveCfg = Release|Any CPU
		{0913BB8D-25C1-9FAB-9B07-43F1C6682B8F}.Release|Any CPU.Build.0 = Release|Any CPU
		{2CBFE11A-6301-FE0B-1B75-0B9979589EA8}.Debug|Any CPU.ActiveCfg = Debug|Any CPU
		{2CBFE11A-6301-FE0B-1B75-0B9979589EA8}.Debug|Any CPU.Build.0 = Debug|Any CPU
		{2CBFE11A-6301-FE0B-1B75-0B9979589EA8}.Release|Any CPU.ActiveCfg = Release|Any CPU
		{2CBFE11A-6301-FE0B-1B75-0B9979589EA8}.Release|Any CPU.Build.0 = Release|Any CPU
		{C818E2CD-FAEE-0D3B-B09D-285E9FF5AE03}.Debug|Any CPU.ActiveCfg = Debug|Any CPU
		{C818E2CD-FAEE-0D3B-B09D-285E9FF5AE03}.Debug|Any CPU.Build.0 = Debug|Any CPU
		{C818E2CD-FAEE-0D3B-B09D-285E9FF5AE03}.Release|Any CPU.ActiveCfg = Release|Any CPU
		{C818E2CD-FAEE-0D3B-B09D-285E9FF5AE03}.Release|Any CPU.Build.0 = Release|Any CPU
		{165DD328-982B-7A0F-22A8-B71E7FF9E86A}.Debug|Any CPU.ActiveCfg = Debug|Any CPU
		{165DD328-982B-7A0F-22A8-B71E7FF9E86A}.Debug|Any CPU.Build.0 = Debug|Any CPU
		{165DD328-982B-7A0F-22A8-B71E7FF9E86A}.Release|Any CPU.ActiveCfg = Release|Any CPU
		{165DD328-982B-7A0F-22A8-B71E7FF9E86A}.Release|Any CPU.Build.0 = Release|Any CPU
	EndGlobalSection
	GlobalSection(SolutionProperties) = preSolution
		HideSolutionNode = FALSE
	EndGlobalSection
	GlobalSection(NestedProjects) = preSolution
		{3278BB2B-B155-4FFE-8220-1ED2AC1546A6} = {EBD8C067-30D2-42D5-B880-8340948D75AE}
		{19725D5C-B930-4A02-A8D6-14204DCBA0DC} = {EBD8C067-30D2-42D5-B880-8340948D75AE}
		{9F277B20-DC49-4733-A9C8-52736807F048} = {EBD8C067-30D2-42D5-B880-8340948D75AE}
		{CB9A7D62-272F-497F-8D0F-B33F1EF64707} = {EBD8C067-30D2-42D5-B880-8340948D75AE}
		{260EC117-DDF4-4637-AE05-0C7EA71D23AF} = {EBD8C067-30D2-42D5-B880-8340948D75AE}
		{3613EAC3-842D-4326-8536-1339C24E88B5} = {4352E755-CC47-41A5-B540-8A675191C1D2}
		{49B71728-C618-45AB-B81C-F224B32601C9} = {4352E755-CC47-41A5-B540-8A675191C1D2}
		{B6A2C66E-FEA5-42F1-8490-62D5BD366C74} = {4352E755-CC47-41A5-B540-8A675191C1D2}
		{1343C7CE-B9A6-4505-B30B-52845DB42CAA} = {3613EAC3-842D-4326-8536-1339C24E88B5}
		{2D2C2B30-BB12-3125-9818-098405846833} = {3613EAC3-842D-4326-8536-1339C24E88B5}
		{8E620B5E-05F1-2691-2E1E-A4EE47E018C5} = {3613EAC3-842D-4326-8536-1339C24E88B5}
		{57623602-458D-4F6A-82CA-0B92868A8555} = {49B71728-C618-45AB-B81C-F224B32601C9}
		{A7D4DE09-53DA-11A0-FD77-76CA68C5D61F} = {49B71728-C618-45AB-B81C-F224B32601C9}
		{0913BB8D-25C1-9FAB-9B07-43F1C6682B8F} = {49B71728-C618-45AB-B81C-F224B32601C9}
		{2CBFE11A-6301-FE0B-1B75-0B9979589EA8} = {B6A2C66E-FEA5-42F1-8490-62D5BD366C74}
		{C818E2CD-FAEE-0D3B-B09D-285E9FF5AE03} = {B6A2C66E-FEA5-42F1-8490-62D5BD366C74}
		{165DD328-982B-7A0F-22A8-B71E7FF9E86A} = {B6A2C66E-FEA5-42F1-8490-62D5BD366C74}
	EndGlobalSection
	GlobalSection(ExtensibilityGlobals) = postSolution
		SolutionGuid = {3E22D947-EB0C-4874-8533-1FC1796B55EB}
	EndGlobalSection
EndGlobal
